// !$*UTF8*$!
{
	archiveVersion = 1;
	classes = {
	};
	objectVersion = 55;
	objects = {

/* Begin PBXBuildFile section */
		89170AF9284459D800D7AB85 /* ExerciseView.swift in Sources */ = {isa = PBXBuildFile; fileRef = 89170AF8284459D800D7AB85 /* ExerciseView.swift */; };
		89170AFD2844631000D7AB85 /* VideoView.swift in Sources */ = {isa = PBXBuildFile; fileRef = 89170AFC2844631000D7AB85 /* VideoView.swift */; };
		8924F64A28342997000C5B51 /* TodayWorkoutView.swift in Sources */ = {isa = PBXBuildFile; fileRef = 8924F64928342997000C5B51 /* TodayWorkoutView.swift */; };
		8924F64E28342C24000C5B51 /* ExerciseModel.swift in Sources */ = {isa = PBXBuildFile; fileRef = 8924F64D28342C24000C5B51 /* ExerciseModel.swift */; };
		8924F65028342D7A000C5B51 /* WorkoutModel.swift in Sources */ = {isa = PBXBuildFile; fileRef = 8924F64F28342D7A000C5B51 /* WorkoutModel.swift */; };
		892E91A12831CE8100CE8B91 /* HomeView.swift in Sources */ = {isa = PBXBuildFile; fileRef = 892E91A02831CE8100CE8B91 /* HomeView.swift */; };
		892E91A52831DB7800CE8B91 /* PrimaryButton.swift in Sources */ = {isa = PBXBuildFile; fileRef = 892E91A42831DB7800CE8B91 /* PrimaryButton.swift */; };
		892E91A72831DCAF00CE8B91 /* SecondaryButton.swift in Sources */ = {isa = PBXBuildFile; fileRef = 892E91A62831DCAF00CE8B91 /* SecondaryButton.swift */; };
		892E91AA2831F17C00CE8B91 /* AuthenticationViewModel.swift in Sources */ = {isa = PBXBuildFile; fileRef = 892E91A92831F17C00CE8B91 /* AuthenticationViewModel.swift */; };
		892E91AC2831F18600CE8B91 /* AuthenticationRepository.swift in Sources */ = {isa = PBXBuildFile; fileRef = 892E91AB2831F18600CE8B91 /* AuthenticationRepository.swift */; };
		892E91AE2831F18E00CE8B91 /* AuthenticationFirebaseDatasource.swift in Sources */ = {isa = PBXBuildFile; fileRef = 892E91AD2831F18E00CE8B91 /* AuthenticationFirebaseDatasource.swift */; };
		892E91B12831F59500CE8B91 /* SignUpView.swift in Sources */ = {isa = PBXBuildFile; fileRef = 892E91B02831F59500CE8B91 /* SignUpView.swift */; };
		892E91B32831F6F700CE8B91 /* LogInView.swift in Sources */ = {isa = PBXBuildFile; fileRef = 892E91B22831F6F700CE8B91 /* LogInView.swift */; };
		892E91B52831FFC900CE8B91 /* PrimaryNavigationLink.swift in Sources */ = {isa = PBXBuildFile; fileRef = 892E91B42831FFC900CE8B91 /* PrimaryNavigationLink.swift */; };
		892E91B7283202F900CE8B91 /* SecondaryNavigationLink.swift in Sources */ = {isa = PBXBuildFile; fileRef = 892E91B6283202F900CE8B91 /* SecondaryNavigationLink.swift */; };
		8938B0AD283C403D00554712 /* ImageLoader.swift in Sources */ = {isa = PBXBuildFile; fileRef = 8938B0AC283C403D00554712 /* ImageLoader.swift */; };
		8938B0B1283C42C300554712 /* ImageByURL.swift in Sources */ = {isa = PBXBuildFile; fileRef = 8938B0B0283C42C300554712 /* ImageByURL.swift */; };
		8938B0B4283C763E00554712 /* WorkoutViewModel.swift in Sources */ = {isa = PBXBuildFile; fileRef = 8938B0B3283C763E00554712 /* WorkoutViewModel.swift */; };
		893F67FE2836B0130087B299 /* ExerciseListView.swift in Sources */ = {isa = PBXBuildFile; fileRef = 893F67FD2836B0130087B299 /* ExerciseListView.swift */; };
		8940422628330621004E3FD0 /* RadioButtons.swift in Sources */ = {isa = PBXBuildFile; fileRef = 8940422528330621004E3FD0 /* RadioButtons.swift */; };
		894042282833484B004E3FD0 /* TimerExcercise.swift in Sources */ = {isa = PBXBuildFile; fileRef = 894042272833484B004E3FD0 /* TimerExcercise.swift */; };
		898ACA4F281F1B27006FB7AC /* IOSProjectApp.swift in Sources */ = {isa = PBXBuildFile; fileRef = 898ACA4E281F1B27006FB7AC /* IOSProjectApp.swift */; };
		898ACA51281F1B27006FB7AC /* ContentView.swift in Sources */ = {isa = PBXBuildFile; fileRef = 898ACA50281F1B27006FB7AC /* ContentView.swift */; };
		898ACA53281F1B33006FB7AC /* Assets.xcassets in Resources */ = {isa = PBXBuildFile; fileRef = 898ACA52281F1B33006FB7AC /* Assets.xcassets */; };
		898ACA56281F1B33006FB7AC /* Preview Assets.xcassets in Resources */ = {isa = PBXBuildFile; fileRef = 898ACA55281F1B33006FB7AC /* Preview Assets.xcassets */; };
		898B85DF28315F6700CC9FC0 /* GoogleService-Info.plist in Resources */ = {isa = PBXBuildFile; fileRef = 898B85DE28315F6700CC9FC0 /* GoogleService-Info.plist */; };
		898B85E22831609900CC9FC0 /* FirebaseAuth in Frameworks */ = {isa = PBXBuildFile; productRef = 898B85E12831609900CC9FC0 /* FirebaseAuth */; };
		898B85E42831609900CC9FC0 /* FirebaseAuthCombine-Community in Frameworks */ = {isa = PBXBuildFile; productRef = 898B85E32831609900CC9FC0 /* FirebaseAuthCombine-Community */; };
		898B85E62831609900CC9FC0 /* FirebaseDatabase in Frameworks */ = {isa = PBXBuildFile; productRef = 898B85E52831609900CC9FC0 /* FirebaseDatabase */; };
		898B85E82831609900CC9FC0 /* FirebaseDatabaseSwift in Frameworks */ = {isa = PBXBuildFile; productRef = 898B85E72831609900CC9FC0 /* FirebaseDatabaseSwift */; };
		898B85EA2831609900CC9FC0 /* FirebaseFirestore in Frameworks */ = {isa = PBXBuildFile; productRef = 898B85E92831609900CC9FC0 /* FirebaseFirestore */; };
		898B85EC2831609900CC9FC0 /* FirebaseFirestoreSwift in Frameworks */ = {isa = PBXBuildFile; productRef = 898B85EB2831609900CC9FC0 /* FirebaseFirestoreSwift */; };
		898B85EE2831609900CC9FC0 /* FirebaseStorage in Frameworks */ = {isa = PBXBuildFile; productRef = 898B85ED2831609900CC9FC0 /* FirebaseStorage */; };
		9BB429AA2847ED4800BCA917 /* MyWorkoutsView.swift in Sources */ = {isa = PBXBuildFile; fileRef = 9BB429A92847ED4800BCA917 /* MyWorkoutsView.swift */; };
/* End PBXBuildFile section */

/* Begin PBXFileReference section */
		89170AF8284459D800D7AB85 /* ExerciseView.swift */ = {isa = PBXFileReference; lastKnownFileType = sourcecode.swift; path = ExerciseView.swift; sourceTree = "<group>"; };
		89170AFC2844631000D7AB85 /* VideoView.swift */ = {isa = PBXFileReference; lastKnownFileType = sourcecode.swift; path = VideoView.swift; sourceTree = "<group>"; };
		8924F64928342997000C5B51 /* TodayWorkoutView.swift */ = {isa = PBXFileReference; lastKnownFileType = sourcecode.swift; path = TodayWorkoutView.swift; sourceTree = "<group>"; };
		8924F64D28342C24000C5B51 /* ExerciseModel.swift */ = {isa = PBXFileReference; lastKnownFileType = sourcecode.swift; path = ExerciseModel.swift; sourceTree = "<group>"; };
		8924F64F28342D7A000C5B51 /* WorkoutModel.swift */ = {isa = PBXFileReference; lastKnownFileType = sourcecode.swift; path = WorkoutModel.swift; sourceTree = "<group>"; };
		892E91A02831CE8100CE8B91 /* HomeView.swift */ = {isa = PBXFileReference; lastKnownFileType = sourcecode.swift; path = HomeView.swift; sourceTree = "<group>"; };
		892E91A42831DB7800CE8B91 /* PrimaryButton.swift */ = {isa = PBXFileReference; lastKnownFileType = sourcecode.swift; path = PrimaryButton.swift; sourceTree = "<group>"; };
		892E91A62831DCAF00CE8B91 /* SecondaryButton.swift */ = {isa = PBXFileReference; lastKnownFileType = sourcecode.swift; path = SecondaryButton.swift; sourceTree = "<group>"; };
		892E91A92831F17C00CE8B91 /* AuthenticationViewModel.swift */ = {isa = PBXFileReference; fileEncoding = 4; lastKnownFileType = sourcecode.swift; path = AuthenticationViewModel.swift; sourceTree = "<group>"; };
		892E91AB2831F18600CE8B91 /* AuthenticationRepository.swift */ = {isa = PBXFileReference; fileEncoding = 4; lastKnownFileType = sourcecode.swift; path = AuthenticationRepository.swift; sourceTree = "<group>"; };
		892E91AD2831F18E00CE8B91 /* AuthenticationFirebaseDatasource.swift */ = {isa = PBXFileReference; fileEncoding = 4; lastKnownFileType = sourcecode.swift; path = AuthenticationFirebaseDatasource.swift; sourceTree = "<group>"; };
		892E91B02831F59500CE8B91 /* SignUpView.swift */ = {isa = PBXFileReference; lastKnownFileType = sourcecode.swift; path = SignUpView.swift; sourceTree = "<group>"; };
		892E91B22831F6F700CE8B91 /* LogInView.swift */ = {isa = PBXFileReference; lastKnownFileType = sourcecode.swift; path = LogInView.swift; sourceTree = "<group>"; };
		892E91B42831FFC900CE8B91 /* PrimaryNavigationLink.swift */ = {isa = PBXFileReference; lastKnownFileType = sourcecode.swift; path = PrimaryNavigationLink.swift; sourceTree = "<group>"; };
		892E91B6283202F900CE8B91 /* SecondaryNavigationLink.swift */ = {isa = PBXFileReference; lastKnownFileType = sourcecode.swift; path = SecondaryNavigationLink.swift; sourceTree = "<group>"; };
		8938B0AC283C403D00554712 /* ImageLoader.swift */ = {isa = PBXFileReference; lastKnownFileType = sourcecode.swift; path = ImageLoader.swift; sourceTree = "<group>"; };
		8938B0B0283C42C300554712 /* ImageByURL.swift */ = {isa = PBXFileReference; lastKnownFileType = sourcecode.swift; path = ImageByURL.swift; sourceTree = "<group>"; };
		8938B0B3283C763E00554712 /* WorkoutViewModel.swift */ = {isa = PBXFileReference; lastKnownFileType = sourcecode.swift; path = WorkoutViewModel.swift; sourceTree = "<group>"; };
		893F67FD2836B0130087B299 /* ExerciseListView.swift */ = {isa = PBXFileReference; lastKnownFileType = sourcecode.swift; path = ExerciseListView.swift; sourceTree = "<group>"; };
		8940422528330621004E3FD0 /* RadioButtons.swift */ = {isa = PBXFileReference; lastKnownFileType = sourcecode.swift; path = RadioButtons.swift; sourceTree = "<group>"; };
		894042272833484B004E3FD0 /* TimerExcercise.swift */ = {isa = PBXFileReference; lastKnownFileType = sourcecode.swift; path = TimerExcercise.swift; sourceTree = "<group>"; };
		898ACA4B281F1B27006FB7AC /* IOSProject.app */ = {isa = PBXFileReference; explicitFileType = wrapper.application; includeInIndex = 0; path = IOSProject.app; sourceTree = BUILT_PRODUCTS_DIR; };
		898ACA4E281F1B27006FB7AC /* IOSProjectApp.swift */ = {isa = PBXFileReference; lastKnownFileType = sourcecode.swift; path = IOSProjectApp.swift; sourceTree = "<group>"; };
		898ACA50281F1B27006FB7AC /* ContentView.swift */ = {isa = PBXFileReference; lastKnownFileType = sourcecode.swift; path = ContentView.swift; sourceTree = "<group>"; };
		898ACA52281F1B33006FB7AC /* Assets.xcassets */ = {isa = PBXFileReference; lastKnownFileType = folder.assetcatalog; path = Assets.xcassets; sourceTree = "<group>"; };
		898ACA55281F1B33006FB7AC /* Preview Assets.xcassets */ = {isa = PBXFileReference; lastKnownFileType = folder.assetcatalog; path = "Preview Assets.xcassets"; sourceTree = "<group>"; };
		898B85DE28315F6700CC9FC0 /* GoogleService-Info.plist */ = {isa = PBXFileReference; fileEncoding = 4; lastKnownFileType = text.plist.xml; path = "GoogleService-Info.plist"; sourceTree = "<group>"; };
		9BB429A92847ED4800BCA917 /* MyWorkoutsView.swift */ = {isa = PBXFileReference; lastKnownFileType = sourcecode.swift; path = MyWorkoutsView.swift; sourceTree = "<group>"; };
/* End PBXFileReference section */

/* Begin PBXFrameworksBuildPhase section */
		898ACA48281F1B27006FB7AC /* Frameworks */ = {
			isa = PBXFrameworksBuildPhase;
			buildActionMask = 2147483647;
			files = (
				898B85E82831609900CC9FC0 /* FirebaseDatabaseSwift in Frameworks */,
				898B85E62831609900CC9FC0 /* FirebaseDatabase in Frameworks */,
				898B85E22831609900CC9FC0 /* FirebaseAuth in Frameworks */,
				898B85EA2831609900CC9FC0 /* FirebaseFirestore in Frameworks */,
				898B85EE2831609900CC9FC0 /* FirebaseStorage in Frameworks */,
				898B85E42831609900CC9FC0 /* FirebaseAuthCombine-Community in Frameworks */,
				898B85EC2831609900CC9FC0 /* FirebaseFirestoreSwift in Frameworks */,
			);
			runOnlyForDeploymentPostprocessing = 0;
		};
/* End PBXFrameworksBuildPhase section */

/* Begin PBXGroup section */
		8924F64B283429A6000C5B51 /* Views */ = {
			isa = PBXGroup;
			children = (
				892E91B02831F59500CE8B91 /* SignUpView.swift */,
				892E91B22831F6F700CE8B91 /* LogInView.swift */,
				898ACA50281F1B27006FB7AC /* ContentView.swift */,
				892E91A02831CE8100CE8B91 /* HomeView.swift */,
				8924F64928342997000C5B51 /* TodayWorkoutView.swift */,
				893F67FD2836B0130087B299 /* ExerciseListView.swift */,
				89170AF8284459D800D7AB85 /* ExerciseView.swift */,
				89170AFC2844631000D7AB85 /* VideoView.swift */,
				8938B0AC283C403D00554712 /* ImageLoader.swift */,
				9BB429A92847ED4800BCA917 /* MyWorkoutsView.swift */,
			);
			path = Views;
			sourceTree = "<group>";
		};
		8924F64C283429C8000C5B51 /* Components */ = {
			isa = PBXGroup;
			children = (
				8938B0B0283C42C300554712 /* ImageByURL.swift */,
				892E91A82831DD6D00CE8B91 /* Buttons */,
				894042272833484B004E3FD0 /* TimerExcercise.swift */,
			);
			path = Components;
			sourceTree = "<group>";
		};
		8924F65128342D7D000C5B51 /* Models */ = {
			isa = PBXGroup;
			children = (
				8938B0B3283C763E00554712 /* WorkoutViewModel.swift */,
				8924F64D28342C24000C5B51 /* ExerciseModel.swift */,
				8924F64F28342D7A000C5B51 /* WorkoutModel.swift */,
			);
			path = Models;
			sourceTree = "<group>";
		};
		892E91A82831DD6D00CE8B91 /* Buttons */ = {
			isa = PBXGroup;
			children = (
				892E91B6283202F900CE8B91 /* SecondaryNavigationLink.swift */,
				892E91B42831FFC900CE8B91 /* PrimaryNavigationLink.swift */,
				8940422528330621004E3FD0 /* RadioButtons.swift */,
				892E91A62831DCAF00CE8B91 /* SecondaryButton.swift */,
				892E91A42831DB7800CE8B91 /* PrimaryButton.swift */,
			);
			path = Buttons;
			sourceTree = "<group>";
		};
		892E91AF2831F20800CE8B91 /* Authentication */ = {
			isa = PBXGroup;
			children = (
				892E91A92831F17C00CE8B91 /* AuthenticationViewModel.swift */,
				892E91AD2831F18E00CE8B91 /* AuthenticationFirebaseDatasource.swift */,
				892E91AB2831F18600CE8B91 /* AuthenticationRepository.swift */,
			);
			path = Authentication;
			sourceTree = "<group>";
		};
		898ACA42281F1B27006FB7AC = {
			isa = PBXGroup;
			children = (
				898ACA4D281F1B27006FB7AC /* IOSProject */,
				898ACA4C281F1B27006FB7AC /* Products */,
			);
			sourceTree = "<group>";
		};
		898ACA4C281F1B27006FB7AC /* Products */ = {
			isa = PBXGroup;
			children = (
				898ACA4B281F1B27006FB7AC /* IOSProject.app */,
			);
			name = Products;
			sourceTree = "<group>";
		};
		898ACA4D281F1B27006FB7AC /* IOSProject */ = {
			isa = PBXGroup;
			children = (
				8924F64C283429C8000C5B51 /* Components */,
				898ACA4E281F1B27006FB7AC /* IOSProjectApp.swift */,
				8924F64B283429A6000C5B51 /* Views */,
				8924F65128342D7D000C5B51 /* Models */,
				892E91AF2831F20800CE8B91 /* Authentication */,
				898B85DE28315F6700CC9FC0 /* GoogleService-Info.plist */,
				898ACA52281F1B33006FB7AC /* Assets.xcassets */,
				898ACA54281F1B33006FB7AC /* Preview Content */,
			);
			path = IOSProject;
			sourceTree = "<group>";
		};
		898ACA54281F1B33006FB7AC /* Preview Content */ = {
			isa = PBXGroup;
			children = (
				898ACA55281F1B33006FB7AC /* Preview Assets.xcassets */,
			);
			path = "Preview Content";
			sourceTree = "<group>";
		};
/* End PBXGroup section */

/* Begin PBXNativeTarget section */
		898ACA4A281F1B27006FB7AC /* IOSProject */ = {
			isa = PBXNativeTarget;
			buildConfigurationList = 898ACA59281F1B33006FB7AC /* Build configuration list for PBXNativeTarget "IOSProject" */;
			buildPhases = (
				898ACA47281F1B27006FB7AC /* Sources */,
				898ACA48281F1B27006FB7AC /* Frameworks */,
				898ACA49281F1B27006FB7AC /* Resources */,
			);
			buildRules = (
			);
			dependencies = (
			);
			name = IOSProject;
			packageProductDependencies = (
				898B85E12831609900CC9FC0 /* FirebaseAuth */,
				898B85E32831609900CC9FC0 /* FirebaseAuthCombine-Community */,
				898B85E52831609900CC9FC0 /* FirebaseDatabase */,
				898B85E72831609900CC9FC0 /* FirebaseDatabaseSwift */,
				898B85E92831609900CC9FC0 /* FirebaseFirestore */,
				898B85EB2831609900CC9FC0 /* FirebaseFirestoreSwift */,
				898B85ED2831609900CC9FC0 /* FirebaseStorage */,
			);
			productName = IOSProject;
			productReference = 898ACA4B281F1B27006FB7AC /* IOSProject.app */;
			productType = "com.apple.product-type.application";
		};
/* End PBXNativeTarget section */

/* Begin PBXProject section */
		898ACA43281F1B27006FB7AC /* Project object */ = {
			isa = PBXProject;
			attributes = {
				BuildIndependentTargetsInParallel = 1;
				LastSwiftUpdateCheck = 1320;
				LastUpgradeCheck = 1320;
				TargetAttributes = {
					898ACA4A281F1B27006FB7AC = {
						CreatedOnToolsVersion = 13.2.1;
					};
				};
			};
			buildConfigurationList = 898ACA46281F1B27006FB7AC /* Build configuration list for PBXProject "IOSProject" */;
			compatibilityVersion = "Xcode 13.0";
			developmentRegion = en;
			hasScannedForEncodings = 0;
			knownRegions = (
				en,
				Base,
			);
			mainGroup = 898ACA42281F1B27006FB7AC;
			packageReferences = (
				898B85E02831609900CC9FC0 /* XCRemoteSwiftPackageReference "firebase-ios-sdk" */,
			);
			productRefGroup = 898ACA4C281F1B27006FB7AC /* Products */;
			projectDirPath = "";
			projectRoot = "";
			targets = (
				898ACA4A281F1B27006FB7AC /* IOSProject */,
			);
		};
/* End PBXProject section */

/* Begin PBXResourcesBuildPhase section */
		898ACA49281F1B27006FB7AC /* Resources */ = {
			isa = PBXResourcesBuildPhase;
			buildActionMask = 2147483647;
			files = (
				898ACA56281F1B33006FB7AC /* Preview Assets.xcassets in Resources */,
				898ACA53281F1B33006FB7AC /* Assets.xcassets in Resources */,
				898B85DF28315F6700CC9FC0 /* GoogleService-Info.plist in Resources */,
			);
			runOnlyForDeploymentPostprocessing = 0;
		};
/* End PBXResourcesBuildPhase section */

/* Begin PBXSourcesBuildPhase section */
		898ACA47281F1B27006FB7AC /* Sources */ = {
			isa = PBXSourcesBuildPhase;
			buildActionMask = 2147483647;
			files = (
				892E91B32831F6F700CE8B91 /* LogInView.swift in Sources */,
				892E91B52831FFC900CE8B91 /* PrimaryNavigationLink.swift in Sources */,
				8924F64A28342997000C5B51 /* TodayWorkoutView.swift in Sources */,
				892E91AA2831F17C00CE8B91 /* AuthenticationViewModel.swift in Sources */,
				893F67FE2836B0130087B299 /* ExerciseListView.swift in Sources */,
				892E91A72831DCAF00CE8B91 /* SecondaryButton.swift in Sources */,
				89170AFD2844631000D7AB85 /* VideoView.swift in Sources */,
				892E91A12831CE8100CE8B91 /* HomeView.swift in Sources */,
				8938B0B4283C763E00554712 /* WorkoutViewModel.swift in Sources */,
				8924F65028342D7A000C5B51 /* WorkoutModel.swift in Sources */,
				898ACA51281F1B27006FB7AC /* ContentView.swift in Sources */,
				8938B0AD283C403D00554712 /* ImageLoader.swift in Sources */,
				8924F64E28342C24000C5B51 /* ExerciseModel.swift in Sources */,
				892E91A52831DB7800CE8B91 /* PrimaryButton.swift in Sources */,
				8938B0B1283C42C300554712 /* ImageByURL.swift in Sources */,
				892E91AE2831F18E00CE8B91 /* AuthenticationFirebaseDatasource.swift in Sources */,
				898ACA4F281F1B27006FB7AC /* IOSProjectApp.swift in Sources */,
				894042282833484B004E3FD0 /* TimerExcercise.swift in Sources */,
				892E91B12831F59500CE8B91 /* SignUpView.swift in Sources */,
				89170AF9284459D800D7AB85 /* ExerciseView.swift in Sources */,
				8940422628330621004E3FD0 /* RadioButtons.swift in Sources */,
				892E91B7283202F900CE8B91 /* SecondaryNavigationLink.swift in Sources */,
				9BB429AA2847ED4800BCA917 /* MyWorkoutsView.swift in Sources */,
				892E91AC2831F18600CE8B91 /* AuthenticationRepository.swift in Sources */,
			);
			runOnlyForDeploymentPostprocessing = 0;
		};
/* End PBXSourcesBuildPhase section */

/* Begin XCBuildConfiguration section */
		898ACA57281F1B33006FB7AC /* Debug */ = {
			isa = XCBuildConfiguration;
			buildSettings = {
				ALWAYS_SEARCH_USER_PATHS = NO;
				CLANG_ANALYZER_NONNULL = YES;
				CLANG_ANALYZER_NUMBER_OBJECT_CONVERSION = YES_AGGRESSIVE;
				CLANG_CXX_LANGUAGE_STANDARD = "gnu++17";
				CLANG_CXX_LIBRARY = "libc++";
				CLANG_ENABLE_MODULES = YES;
				CLANG_ENABLE_OBJC_ARC = YES;
				CLANG_ENABLE_OBJC_WEAK = YES;
				CLANG_WARN_BLOCK_CAPTURE_AUTORELEASING = YES;
				CLANG_WARN_BOOL_CONVERSION = YES;
				CLANG_WARN_COMMA = YES;
				CLANG_WARN_CONSTANT_CONVERSION = YES;
				CLANG_WARN_DEPRECATED_OBJC_IMPLEMENTATIONS = YES;
				CLANG_WARN_DIRECT_OBJC_ISA_USAGE = YES_ERROR;
				CLANG_WARN_DOCUMENTATION_COMMENTS = YES;
				CLANG_WARN_EMPTY_BODY = YES;
				CLANG_WARN_ENUM_CONVERSION = YES;
				CLANG_WARN_INFINITE_RECURSION = YES;
				CLANG_WARN_INT_CONVERSION = YES;
				CLANG_WARN_NON_LITERAL_NULL_CONVERSION = YES;
				CLANG_WARN_OBJC_IMPLICIT_RETAIN_SELF = YES;
				CLANG_WARN_OBJC_LITERAL_CONVERSION = YES;
				CLANG_WARN_OBJC_ROOT_CLASS = YES_ERROR;
				CLANG_WARN_QUOTED_INCLUDE_IN_FRAMEWORK_HEADER = YES;
				CLANG_WARN_RANGE_LOOP_ANALYSIS = YES;
				CLANG_WARN_STRICT_PROTOTYPES = YES;
				CLANG_WARN_SUSPICIOUS_MOVE = YES;
				CLANG_WARN_UNGUARDED_AVAILABILITY = YES_AGGRESSIVE;
				CLANG_WARN_UNREACHABLE_CODE = YES;
				CLANG_WARN__DUPLICATE_METHOD_MATCH = YES;
				COPY_PHASE_STRIP = NO;
				DEBUG_INFORMATION_FORMAT = dwarf;
				ENABLE_STRICT_OBJC_MSGSEND = YES;
				ENABLE_TESTABILITY = YES;
				GCC_C_LANGUAGE_STANDARD = gnu11;
				GCC_DYNAMIC_NO_PIC = NO;
				GCC_NO_COMMON_BLOCKS = YES;
				GCC_OPTIMIZATION_LEVEL = 0;
				GCC_PREPROCESSOR_DEFINITIONS = (
					"DEBUG=1",
					"$(inherited)",
				);
				GCC_WARN_64_TO_32_BIT_CONVERSION = YES;
				GCC_WARN_ABOUT_RETURN_TYPE = YES_ERROR;
				GCC_WARN_UNDECLARED_SELECTOR = YES;
				GCC_WARN_UNINITIALIZED_AUTOS = YES_AGGRESSIVE;
				GCC_WARN_UNUSED_FUNCTION = YES;
				GCC_WARN_UNUSED_VARIABLE = YES;
				IPHONEOS_DEPLOYMENT_TARGET = 15.2;
				MTL_ENABLE_DEBUG_INFO = INCLUDE_SOURCE;
				MTL_FAST_MATH = YES;
				ONLY_ACTIVE_ARCH = YES;
				SDKROOT = iphoneos;
				SWIFT_ACTIVE_COMPILATION_CONDITIONS = DEBUG;
				SWIFT_OPTIMIZATION_LEVEL = "-Onone";
			};
			name = Debug;
		};
		898ACA58281F1B33006FB7AC /* Release */ = {
			isa = XCBuildConfiguration;
			buildSettings = {
				ALWAYS_SEARCH_USER_PATHS = NO;
				CLANG_ANALYZER_NONNULL = YES;
				CLANG_ANALYZER_NUMBER_OBJECT_CONVERSION = YES_AGGRESSIVE;
				CLANG_CXX_LANGUAGE_STANDARD = "gnu++17";
				CLANG_CXX_LIBRARY = "libc++";
				CLANG_ENABLE_MODULES = YES;
				CLANG_ENABLE_OBJC_ARC = YES;
				CLANG_ENABLE_OBJC_WEAK = YES;
				CLANG_WARN_BLOCK_CAPTURE_AUTORELEASING = YES;
				CLANG_WARN_BOOL_CONVERSION = YES;
				CLANG_WARN_COMMA = YES;
				CLANG_WARN_CONSTANT_CONVERSION = YES;
				CLANG_WARN_DEPRECATED_OBJC_IMPLEMENTATIONS = YES;
				CLANG_WARN_DIRECT_OBJC_ISA_USAGE = YES_ERROR;
				CLANG_WARN_DOCUMENTATION_COMMENTS = YES;
				CLANG_WARN_EMPTY_BODY = YES;
				CLANG_WARN_ENUM_CONVERSION = YES;
				CLANG_WARN_INFINITE_RECURSION = YES;
				CLANG_WARN_INT_CONVERSION = YES;
				CLANG_WARN_NON_LITERAL_NULL_CONVERSION = YES;
				CLANG_WARN_OBJC_IMPLICIT_RETAIN_SELF = YES;
				CLANG_WARN_OBJC_LITERAL_CONVERSION = YES;
				CLANG_WARN_OBJC_ROOT_CLASS = YES_ERROR;
				CLANG_WARN_QUOTED_INCLUDE_IN_FRAMEWORK_HEADER = YES;
				CLANG_WARN_RANGE_LOOP_ANALYSIS = YES;
				CLANG_WARN_STRICT_PROTOTYPES = YES;
				CLANG_WARN_SUSPICIOUS_MOVE = YES;
				CLANG_WARN_UNGUARDED_AVAILABILITY = YES_AGGRESSIVE;
				CLANG_WARN_UNREACHABLE_CODE = YES;
				CLANG_WARN__DUPLICATE_METHOD_MATCH = YES;
				COPY_PHASE_STRIP = NO;
				DEBUG_INFORMATION_FORMAT = "dwarf-with-dsym";
				ENABLE_NS_ASSERTIONS = NO;
				ENABLE_STRICT_OBJC_MSGSEND = YES;
				GCC_C_LANGUAGE_STANDARD = gnu11;
				GCC_NO_COMMON_BLOCKS = YES;
				GCC_WARN_64_TO_32_BIT_CONVERSION = YES;
				GCC_WARN_ABOUT_RETURN_TYPE = YES_ERROR;
				GCC_WARN_UNDECLARED_SELECTOR = YES;
				GCC_WARN_UNINITIALIZED_AUTOS = YES_AGGRESSIVE;
				GCC_WARN_UNUSED_FUNCTION = YES;
				GCC_WARN_UNUSED_VARIABLE = YES;
				IPHONEOS_DEPLOYMENT_TARGET = 15.2;
				MTL_ENABLE_DEBUG_INFO = NO;
				MTL_FAST_MATH = YES;
				SDKROOT = iphoneos;
				SWIFT_COMPILATION_MODE = wholemodule;
				SWIFT_OPTIMIZATION_LEVEL = "-O";
				VALIDATE_PRODUCT = YES;
			};
			name = Release;
		};
		898ACA5A281F1B33006FB7AC /* Debug */ = {
			isa = XCBuildConfiguration;
			buildSettings = {
				ASSETCATALOG_COMPILER_APPICON_NAME = AppIcon;
				ASSETCATALOG_COMPILER_GLOBAL_ACCENT_COLOR_NAME = AccentColor;
				CODE_SIGN_STYLE = Automatic;
				CURRENT_PROJECT_VERSION = 1;
				DEVELOPMENT_ASSET_PATHS = "\"IOSProject/Preview Content\"";
				ENABLE_PREVIEWS = YES;
				GENERATE_INFOPLIST_FILE = YES;
				INFOPLIST_KEY_UIApplicationSceneManifest_Generation = YES;
				INFOPLIST_KEY_UIApplicationSupportsIndirectInputEvents = YES;
				INFOPLIST_KEY_UILaunchScreen_Generation = YES;
				INFOPLIST_KEY_UISupportedInterfaceOrientations = UIInterfaceOrientationPortrait;
				INFOPLIST_KEY_UISupportedInterfaceOrientations_iPad = "UIInterfaceOrientationPortrait UIInterfaceOrientationPortraitUpsideDown UIInterfaceOrientationLandscapeLeft UIInterfaceOrientationLandscapeRight";
				INFOPLIST_KEY_UISupportedInterfaceOrientations_iPhone = "UIInterfaceOrientationPortrait UIInterfaceOrientationLandscapeLeft UIInterfaceOrientationLandscapeRight";
				LD_RUNPATH_SEARCH_PATHS = (
					"$(inherited)",
					"@executable_path/Frameworks",
				);
				MARKETING_VERSION = 1.0;
				PRODUCT_BUNDLE_IDENTIFIER = tec.sabrosapp;
				PRODUCT_NAME = "$(TARGET_NAME)";
				SWIFT_EMIT_LOC_STRINGS = YES;
				SWIFT_VERSION = 5.0;
				TARGETED_DEVICE_FAMILY = 1;
			};
			name = Debug;
		};
		898ACA5B281F1B33006FB7AC /* Release */ = {
			isa = XCBuildConfiguration;
			buildSettings = {
				ASSETCATALOG_COMPILER_APPICON_NAME = AppIcon;
				ASSETCATALOG_COMPILER_GLOBAL_ACCENT_COLOR_NAME = AccentColor;
				CODE_SIGN_STYLE = Automatic;
				CURRENT_PROJECT_VERSION = 1;
				DEVELOPMENT_ASSET_PATHS = "\"IOSProject/Preview Content\"";
				ENABLE_PREVIEWS = YES;
				GENERATE_INFOPLIST_FILE = YES;
				INFOPLIST_KEY_UIApplicationSceneManifest_Generation = YES;
				INFOPLIST_KEY_UIApplicationSupportsIndirectInputEvents = YES;
				INFOPLIST_KEY_UILaunchScreen_Generation = YES;
				INFOPLIST_KEY_UISupportedInterfaceOrientations = UIInterfaceOrientationPortrait;
				INFOPLIST_KEY_UISupportedInterfaceOrientations_iPad = "UIInterfaceOrientationPortrait UIInterfaceOrientationPortraitUpsideDown UIInterfaceOrientationLandscapeLeft UIInterfaceOrientationLandscapeRight";
				INFOPLIST_KEY_UISupportedInterfaceOrientations_iPhone = "UIInterfaceOrientationPortrait UIInterfaceOrientationLandscapeLeft UIInterfaceOrientationLandscapeRight";
				LD_RUNPATH_SEARCH_PATHS = (
					"$(inherited)",
					"@executable_path/Frameworks",
				);
				MARKETING_VERSION = 1.0;
				PRODUCT_BUNDLE_IDENTIFIER = tec.sabrosapp;
				PRODUCT_NAME = "$(TARGET_NAME)";
				SWIFT_EMIT_LOC_STRINGS = YES;
				SWIFT_VERSION = 5.0;
				TARGETED_DEVICE_FAMILY = 1;
			};
			name = Release;
		};
/* End XCBuildConfiguration section */

/* Begin XCConfigurationList section */
		898ACA46281F1B27006FB7AC /* Build configuration list for PBXProject "IOSProject" */ = {
			isa = XCConfigurationList;
			buildConfigurations = (
				898ACA57281F1B33006FB7AC /* Debug */,
				898ACA58281F1B33006FB7AC /* Release */,
			);
			defaultConfigurationIsVisible = 0;
			defaultConfigurationName = Release;
		};
		898ACA59281F1B33006FB7AC /* Build configuration list for PBXNativeTarget "IOSProject" */ = {
			isa = XCConfigurationList;
			buildConfigurations = (
				898ACA5A281F1B33006FB7AC /* Debug */,
				898ACA5B281F1B33006FB7AC /* Release */,
			);
			defaultConfigurationIsVisible = 0;
			defaultConfigurationName = Release;
		};
/* End XCConfigurationList section */

/* Begin XCRemoteSwiftPackageReference section */
		898B85E02831609900CC9FC0 /* XCRemoteSwiftPackageReference "firebase-ios-sdk" */ = {
			isa = XCRemoteSwiftPackageReference;
			repositoryURL = "https://github.com/firebase/firebase-ios-sdk";
			requirement = {
				kind = upToNextMajorVersion;
				minimumVersion = 9.0.0;
			};
		};
/* End XCRemoteSwiftPackageReference section */

/* Begin XCSwiftPackageProductDependency section */
		898B85E12831609900CC9FC0 /* FirebaseAuth */ = {
			isa = XCSwiftPackageProductDependency;
			package = 898B85E02831609900CC9FC0 /* XCRemoteSwiftPackageReference "firebase-ios-sdk" */;
			productName = FirebaseAuth;
		};
		898B85E32831609900CC9FC0 /* FirebaseAuthCombine-Community */ = {
			isa = XCSwiftPackageProductDependency;
			package = 898B85E02831609900CC9FC0 /* XCRemoteSwiftPackageReference "firebase-ios-sdk" */;
			productName = "FirebaseAuthCombine-Community";
		};
		898B85E52831609900CC9FC0 /* FirebaseDatabase */ = {
			isa = XCSwiftPackageProductDependency;
			package = 898B85E02831609900CC9FC0 /* XCRemoteSwiftPackageReference "firebase-ios-sdk" */;
			productName = FirebaseDatabase;
		};
		898B85E72831609900CC9FC0 /* FirebaseDatabaseSwift */ = {
			isa = XCSwiftPackageProductDependency;
			package = 898B85E02831609900CC9FC0 /* XCRemoteSwiftPackageReference "firebase-ios-sdk" */;
			productName = FirebaseDatabaseSwift;
		};
		898B85E92831609900CC9FC0 /* FirebaseFirestore */ = {
			isa = XCSwiftPackageProductDependency;
			package = 898B85E02831609900CC9FC0 /* XCRemoteSwiftPackageReference "firebase-ios-sdk" */;
			productName = FirebaseFirestore;
		};
		898B85EB2831609900CC9FC0 /* FirebaseFirestoreSwift */ = {
			isa = XCSwiftPackageProductDependency;
			package = 898B85E02831609900CC9FC0 /* XCRemoteSwiftPackageReference "firebase-ios-sdk" */;
			productName = FirebaseFirestoreSwift;
		};
		898B85ED2831609900CC9FC0 /* FirebaseStorage */ = {
			isa = XCSwiftPackageProductDependency;
			package = 898B85E02831609900CC9FC0 /* XCRemoteSwiftPackageReference "firebase-ios-sdk" */;
			productName = FirebaseStorage;
		};
/* End XCSwiftPackageProductDependency section */
	};
	rootObject = 898ACA43281F1B27006FB7AC /* Project object */;
}
